
Microsoft Visual Studio Solution File, Format Version 12.00
# Visual Studio Version 16
VisualStudioVersion = 16.0.29905.134
MinimumVisualStudioVersion = 10.0.40219.1
Project("{9A19103F-16F7-4668-BE54-9A1E7A4F7556}") = "SovietLeaderboard", "SovietLeaderboard\SovietLeaderboard.csproj", "{212C1012-AC3A-43C0-B293-622385636BB6}"
EndProject
Project("{9A19103F-16F7-4668-BE54-9A1E7A4F7556}") = "DataAccessLayer", "DataAccessLayer\DataAccessLayer.csproj", "{03A43466-A356-4208-B340-D822A2C6C904}"
EndProject
Project("{9A19103F-16F7-4668-BE54-9A1E7A4F7556}") = "LogicLayer", "LogicLayer\LogicLayer.csproj", "{CC3700D0-5B80-47F6-9F23-1C7B14F20BA5}"
EndProject
Project("{9A19103F-16F7-4668-BE54-9A1E7A4F7556}") = "Models", "Models\Models.csproj", "{F8AD29AE-A598-41EE-81BA-1F9E6FC81205}"
EndProject
Global
	GlobalSection(SolutionConfigurationPlatforms) = preSolution
		Debug|Any CPU = Debug|Any CPU
		Release|Any CPU = Release|Any CPU
	EndGlobalSection
	GlobalSection(ProjectConfigurationPlatforms) = postSolution
		{212C1012-AC3A-43C0-B293-622385636BB6}.Debug|Any CPU.ActiveCfg = Debug|Any CPU
		{212C1012-AC3A-43C0-B293-622385636BB6}.Debug|Any CPU.Build.0 = Debug|Any CPU
		{212C1012-AC3A-43C0-B293-622385636BB6}.Release|Any CPU.ActiveCfg = Release|Any CPU
		{212C1012-AC3A-43C0-B293-622385636BB6}.Release|Any CPU.Build.0 = Release|Any CPU
		{03A43466-A356-4208-B340-D822A2C6C904}.Debug|Any CPU.ActiveCfg = Debug|Any CPU
		{03A43466-A356-4208-B340-D822A2C6C904}.Debug|Any CPU.Build.0 = Debug|Any CPU
		{03A43466-A356-4208-B340-D822A2C6C904}.Release|Any CPU.ActiveCfg = Release|Any CPU
		{03A43466-A356-4208-B340-D822A2C6C904}.Release|Any CPU.Build.0 = Release|Any CPU
		{CC3700D0-5B80-47F6-9F23-1C7B14F20BA5}.Debug|Any CPU.ActiveCfg = Debug|Any CPU
		{CC3700D0-5B80-47F6-9F23-1C7B14F20BA5}.Debug|Any CPU.Build.0 = Debug|Any CPU
		{CC3700D0-5B80-47F6-9F23-1C7B14F20BA5}.Release|Any CPU.ActiveCfg = Release|Any CPU
		{CC3700D0-5B80-47F6-9F23-1C7B14F20BA5}.Release|Any CPU.Build.0 = Release|Any CPU
		{F8AD29AE-A598-41EE-81BA-1F9E6FC81205}.Debug|Any CPU.ActiveCfg = Debug|Any CPU
		{F8AD29AE-A598-41EE-81BA-1F9E6FC81205}.Debug|Any CPU.Build.0 = Debug|Any CPU
		{F8AD29AE-A598-41EE-81BA-1F9E6FC81205}.Release|Any CPU.ActiveCfg = Release|Any CPU
		{F8AD29AE-A598-41EE-81BA-1F9E6FC81205}.Release|Any CPU.Build.0 = Release|Any CPU
	EndGlobalSection
	GlobalSection(SolutionProperties) = preSolution
		HideSolutionNode = FALSE
	EndGlobalSection
	GlobalSection(ExtensibilityGlobals) = postSolution
		SolutionGuid = {3C74DA31-7A0F-4345-9228-85CDC5B9824D}
	EndGlobalSection
EndGlobal
